{
    "_readme": [
        "This file locks the dependencies of your project to a known state",
        "Read more about it at https://getcomposer.org/doc/01-basic-usage.md#composer-lock-the-lock-file",
        "This file is @generated automatically"
    ],
    "hash": "603ddc063eb7a79781feb4aced813d0a",
    "content-hash": "917ca22796e83f6c11bbdca9b7ca4eba",
    "packages": [
        {
            "name": "fisharebest/ext-calendar",
            "version": "2.2.1",
            "source": {
                "type": "git",
                "url": "https://github.com/fisharebest/ext-calendar.git",
                "reference": "2751c860b3ed7f9c1fca47944645337e8fa2b38a"
            },
            "dist": {
                "type": "zip",
                "url": "https://api.github.com/repos/fisharebest/ext-calendar/zipball/2751c860b3ed7f9c1fca47944645337e8fa2b38a",
                "reference": "2751c860b3ed7f9c1fca47944645337e8fa2b38a",
                "shasum": ""
            },
            "require": {
                "php": ">=5.3.0"
            },
            "require-dev": {
                "phpunit/phpunit": "*",
                "satooshi/php-coveralls": "*"
            },
            "type": "library",
            "autoload": {
                "files": [
                    "src/shims.php"
                ],
                "psr-4": {
                    "Fisharebest\\ExtCalendar\\": "src/"
                }
            },
            "notification-url": "https://packagist.org/downloads/",
            "license": [
                "GPL-3.0+"
            ],
            "authors": [
                {
                    "name": "Greg Roach",
                    "email": "fisharebest@gmail.com",
                    "role": "Developer"
                }
            ],
            "description": "Implementation of the Arabic (Hijri), French, Gregorian, Jewish, Julian and Persian (Jalali) calendars.  Also provides a replacement for the PHP ext/calendar extension.",
            "homepage": "https://github.com/fisharebest/ext-calendar",
            "keywords": [
                "Jalali",
                "arabic",
                "calendar",
                "ext-calendar",
                "french",
                "gregorian",
                "hebrew",
                "hijri",
                "jewish",
                "julian",
                "julian day",
                "julian day number",
                "persian",
                "shamsi"
            ],
            "time": "2015-12-11 22:50:01"
        }
    ],
    "packages-dev": [],
    "aliases": [],
    "minimum-stability": "stable",
    "stability-flags": [],
    "prefer-stable": false,
    "prefer-lowest": false,
    "platform": [],
    "platform-dev": []
}
